
Microsoft Visual Studio Solution File, Format Version 12.00
# Visual Studio Version 18
VisualStudioVersion = 18.2.11415.280
MinimumVisualStudioVersion = 10.0.40219.1
Project("{54A90642-561A-4BB1-A94E-469ADEE60C69}") = "donatyk2.client", "donatyk2.client\donatyk2.client.esproj", "{23F62E10-46C6-8444-C61A-EE2209D5CE00}"
EndProject
Project("{FAE04EC0-301F-11D3-BF4B-00C04F79EFBC}") = "Donatyk2.Server", "Donatyk2.Server\Donatyk2.Server.csproj", "{419F239A-E12F-4DD0-A65B-8860097A89D0}"
EndProject
Project("{2150E333-8FDC-42A3-9474-1A3956D46DE8}") = "Application", "Application", "{CAA3B598-6EEC-44E7-BFBA-DF62489A4823}"
EndProject
Project("{2150E333-8FDC-42A3-9474-1A3956D46DE8}") = "Domain", "Domain", "{3A18C4D1-BDB8-4AA7-A854-0C1510B54ED8}"
EndProject
Project("{2150E333-8FDC-42A3-9474-1A3956D46DE8}") = "WebApi", "WebApi", "{917634D7-63E0-40A8-8436-5F3592E57983}"
EndProject
Project("{2150E333-8FDC-42A3-9474-1A3956D46DE8}") = "Infrastructure", "Infrastructure", "{F14F43C1-8E34-4486-BB6F-AAF6112E79C5}"
EndProject
Project("{FAE04EC0-301F-11D3-BF4B-00C04F79EFBC}") = "Marketplace.Abstractions", "Marketplace.Abstractions\Marketplace.Abstractions.csproj", "{77F913B9-BCCE-4BE5-AD7F-BC1539B9F6F9}"
EndProject
Project("{FAE04EC0-301F-11D3-BF4B-00C04F79EFBC}") = "Marketplace.Repository.Interfaces", "Marketplace.Repository.Interfaces\Marketplace.Repository.Interfaces.csproj", "{2ECA26F4-E87B-4CAB-8A9E-D84D745138C2}"
EndProject
Project("{FAE04EC0-301F-11D3-BF4B-00C04F79EFBC}") = "Marketplace", "Marketplace\Marketplace.csproj", "{7C9C727C-92A4-4760-B778-C7AC0286A7EC}"
EndProject
Project("{FAE04EC0-301F-11D3-BF4B-00C04F79EFBC}") = "Marketplace.Repository.MSSql", "Marketplace.Repository.MSSql\Marketplace.Repository.MSSql.csproj", "{67428D95-1037-4B15-AAC1-B9645D3E21D4}"
EndProject
Project("{FAE04EC0-301F-11D3-BF4B-00C04F79EFBC}") = "Marketplace.Authentication.Interfaces", "Marketplace.Authentication.Interfaces\Marketplace.Authentication.Interfaces.csproj", "{A984054A-BF4B-46D4-927A-86DA25E9FAB0}"
EndProject
Project("{FAE04EC0-301F-11D3-BF4B-00C04F79EFBC}") = "Marketplace.Authentication.JWT", "Marketplace.Authentication.JWT\Marketplace.Authentication.JWT.csproj", "{C692BFAB-1C28-40F2-A148-73BF0CD033E8}"
EndProject
Project("{FAE04EC0-301F-11D3-BF4B-00C04F79EFBC}") = "Marketplace.Notification.Interfaces", "Marketplace.Notification.Interfaces\Marketplace.Notification.Interfaces.csproj", "{C85A42D0-73CE-475C-85F6-B16C23E1C904}"
EndProject
Project("{FAE04EC0-301F-11D3-BF4B-00C04F79EFBC}") = "Marketplace.Notification", "Marketplace.Notification\Marketplace.Notification.csproj", "{794B4B1A-41A6-4F4C-92EB-EB09A9578307}"
EndProject
Project("{2150E333-8FDC-42A3-9474-1A3956D46DE8}") = "Tests", "Tests", "{D61F83D3-A20E-4071-BEFB-931758A940E9}"
EndProject
Project("{FAE04EC0-301F-11D3-BF4B-00C04F79EFBC}") = "Marketplace.Abstractions.Unit.Tests", "Marketplace.Abstractions.Unit.Tests\Marketplace.Abstractions.Unit.Tests.csproj", "{488B0392-59CA-4044-93E8-43C8A56D50BB}"
EndProject
Project("{FAE04EC0-301F-11D3-BF4B-00C04F79EFBC}") = "Marketplace.Unit.Tests", "Marketplace.Unit.Tests\Marketplace.Unit.Tests.csproj", "{0A2F9D72-639E-43C1-B3FB-D200BAADAB8B}"
EndProject
Project("{FAE04EC0-301F-11D3-BF4B-00C04F79EFBC}") = "Marketplace.Integration.Tests", "Marketplace.Integration.Tests\Marketplace.Integration.Tests.csproj", "{28A1F791-F1DF-4E54-A38F-CE61498A2E46}"
EndProject
Global
	GlobalSection(SolutionConfigurationPlatforms) = preSolution
		Debug|Any CPU = Debug|Any CPU
		Release|Any CPU = Release|Any CPU
	EndGlobalSection
	GlobalSection(ProjectConfigurationPlatforms) = postSolution
		{23F62E10-46C6-8444-C61A-EE2209D5CE00}.Debug|Any CPU.ActiveCfg = Debug|Any CPU
		{23F62E10-46C6-8444-C61A-EE2209D5CE00}.Debug|Any CPU.Build.0 = Debug|Any CPU
		{23F62E10-46C6-8444-C61A-EE2209D5CE00}.Debug|Any CPU.Deploy.0 = Debug|Any CPU
		{23F62E10-46C6-8444-C61A-EE2209D5CE00}.Release|Any CPU.ActiveCfg = Release|Any CPU
		{23F62E10-46C6-8444-C61A-EE2209D5CE00}.Release|Any CPU.Build.0 = Release|Any CPU
		{23F62E10-46C6-8444-C61A-EE2209D5CE00}.Release|Any CPU.Deploy.0 = Release|Any CPU
		{419F239A-E12F-4DD0-A65B-8860097A89D0}.Debug|Any CPU.ActiveCfg = Debug|Any CPU
		{419F239A-E12F-4DD0-A65B-8860097A89D0}.Debug|Any CPU.Build.0 = Debug|Any CPU
		{419F239A-E12F-4DD0-A65B-8860097A89D0}.Release|Any CPU.ActiveCfg = Release|Any CPU
		{419F239A-E12F-4DD0-A65B-8860097A89D0}.Release|Any CPU.Build.0 = Release|Any CPU
		{77F913B9-BCCE-4BE5-AD7F-BC1539B9F6F9}.Debug|Any CPU.ActiveCfg = Debug|Any CPU
		{77F913B9-BCCE-4BE5-AD7F-BC1539B9F6F9}.Debug|Any CPU.Build.0 = Debug|Any CPU
		{77F913B9-BCCE-4BE5-AD7F-BC1539B9F6F9}.Release|Any CPU.ActiveCfg = Release|Any CPU
		{77F913B9-BCCE-4BE5-AD7F-BC1539B9F6F9}.Release|Any CPU.Build.0 = Release|Any CPU
		{2ECA26F4-E87B-4CAB-8A9E-D84D745138C2}.Debug|Any CPU.ActiveCfg = Debug|Any CPU
		{2ECA26F4-E87B-4CAB-8A9E-D84D745138C2}.Debug|Any CPU.Build.0 = Debug|Any CPU
		{2ECA26F4-E87B-4CAB-8A9E-D84D745138C2}.Release|Any CPU.ActiveCfg = Release|Any CPU
		{2ECA26F4-E87B-4CAB-8A9E-D84D745138C2}.Release|Any CPU.Build.0 = Release|Any CPU
		{7C9C727C-92A4-4760-B778-C7AC0286A7EC}.Debug|Any CPU.ActiveCfg = Debug|Any CPU
		{7C9C727C-92A4-4760-B778-C7AC0286A7EC}.Debug|Any CPU.Build.0 = Debug|Any CPU
		{7C9C727C-92A4-4760-B778-C7AC0286A7EC}.Release|Any CPU.ActiveCfg = Release|Any CPU
		{7C9C727C-92A4-4760-B778-C7AC0286A7EC}.Release|Any CPU.Build.0 = Release|Any CPU
		{67428D95-1037-4B15-AAC1-B9645D3E21D4}.Debug|Any CPU.ActiveCfg = Debug|Any CPU
		{67428D95-1037-4B15-AAC1-B9645D3E21D4}.Debug|Any CPU.Build.0 = Debug|Any CPU
		{67428D95-1037-4B15-AAC1-B9645D3E21D4}.Release|Any CPU.ActiveCfg = Release|Any CPU
		{67428D95-1037-4B15-AAC1-B9645D3E21D4}.Release|Any CPU.Build.0 = Release|Any CPU
		{A984054A-BF4B-46D4-927A-86DA25E9FAB0}.Debug|Any CPU.ActiveCfg = Debug|Any CPU
		{A984054A-BF4B-46D4-927A-86DA25E9FAB0}.Debug|Any CPU.Build.0 = Debug|Any CPU
		{A984054A-BF4B-46D4-927A-86DA25E9FAB0}.Release|Any CPU.ActiveCfg = Release|Any CPU
		{A984054A-BF4B-46D4-927A-86DA25E9FAB0}.Release|Any CPU.Build.0 = Release|Any CPU
		{C692BFAB-1C28-40F2-A148-73BF0CD033E8}.Debug|Any CPU.ActiveCfg = Debug|Any CPU
		{C692BFAB-1C28-40F2-A148-73BF0CD033E8}.Debug|Any CPU.Build.0 = Debug|Any CPU
		{C692BFAB-1C28-40F2-A148-73BF0CD033E8}.Release|Any CPU.ActiveCfg = Release|Any CPU
		{C692BFAB-1C28-40F2-A148-73BF0CD033E8}.Release|Any CPU.Build.0 = Release|Any CPU
		{C85A42D0-73CE-475C-85F6-B16C23E1C904}.Debug|Any CPU.ActiveCfg = Debug|Any CPU
		{C85A42D0-73CE-475C-85F6-B16C23E1C904}.Debug|Any CPU.Build.0 = Debug|Any CPU
		{C85A42D0-73CE-475C-85F6-B16C23E1C904}.Release|Any CPU.ActiveCfg = Release|Any CPU
		{C85A42D0-73CE-475C-85F6-B16C23E1C904}.Release|Any CPU.Build.0 = Release|Any CPU
		{794B4B1A-41A6-4F4C-92EB-EB09A9578307}.Debug|Any CPU.ActiveCfg = Debug|Any CPU
		{794B4B1A-41A6-4F4C-92EB-EB09A9578307}.Debug|Any CPU.Build.0 = Debug|Any CPU
		{794B4B1A-41A6-4F4C-92EB-EB09A9578307}.Release|Any CPU.ActiveCfg = Release|Any CPU
		{794B4B1A-41A6-4F4C-92EB-EB09A9578307}.Release|Any CPU.Build.0 = Release|Any CPU
		{488B0392-59CA-4044-93E8-43C8A56D50BB}.Debug|Any CPU.ActiveCfg = Debug|Any CPU
		{488B0392-59CA-4044-93E8-43C8A56D50BB}.Debug|Any CPU.Build.0 = Debug|Any CPU
		{488B0392-59CA-4044-93E8-43C8A56D50BB}.Release|Any CPU.ActiveCfg = Release|Any CPU
		{488B0392-59CA-4044-93E8-43C8A56D50BB}.Release|Any CPU.Build.0 = Release|Any CPU
		{0A2F9D72-639E-43C1-B3FB-D200BAADAB8B}.Debug|Any CPU.ActiveCfg = Debug|Any CPU
		{0A2F9D72-639E-43C1-B3FB-D200BAADAB8B}.Debug|Any CPU.Build.0 = Debug|Any CPU
		{0A2F9D72-639E-43C1-B3FB-D200BAADAB8B}.Release|Any CPU.ActiveCfg = Release|Any CPU
		{0A2F9D72-639E-43C1-B3FB-D200BAADAB8B}.Release|Any CPU.Build.0 = Release|Any CPU
		{28A1F791-F1DF-4E54-A38F-CE61498A2E46}.Debug|Any CPU.ActiveCfg = Debug|Any CPU
		{28A1F791-F1DF-4E54-A38F-CE61498A2E46}.Debug|Any CPU.Build.0 = Debug|Any CPU
		{28A1F791-F1DF-4E54-A38F-CE61498A2E46}.Release|Any CPU.ActiveCfg = Release|Any CPU
		{28A1F791-F1DF-4E54-A38F-CE61498A2E46}.Release|Any CPU.Build.0 = Release|Any CPU
	EndGlobalSection
	GlobalSection(SolutionProperties) = preSolution
		HideSolutionNode = FALSE
	EndGlobalSection
	GlobalSection(NestedProjects) = preSolution
		{419F239A-E12F-4DD0-A65B-8860097A89D0} = {917634D7-63E0-40A8-8436-5F3592E57983}
		{77F913B9-BCCE-4BE5-AD7F-BC1539B9F6F9} = {3A18C4D1-BDB8-4AA7-A854-0C1510B54ED8}
		{2ECA26F4-E87B-4CAB-8A9E-D84D745138C2} = {CAA3B598-6EEC-44E7-BFBA-DF62489A4823}
		{7C9C727C-92A4-4760-B778-C7AC0286A7EC} = {CAA3B598-6EEC-44E7-BFBA-DF62489A4823}
		{67428D95-1037-4B15-AAC1-B9645D3E21D4} = {F14F43C1-8E34-4486-BB6F-AAF6112E79C5}
		{A984054A-BF4B-46D4-927A-86DA25E9FAB0} = {CAA3B598-6EEC-44E7-BFBA-DF62489A4823}
		{C692BFAB-1C28-40F2-A148-73BF0CD033E8} = {F14F43C1-8E34-4486-BB6F-AAF6112E79C5}
		{C85A42D0-73CE-475C-85F6-B16C23E1C904} = {CAA3B598-6EEC-44E7-BFBA-DF62489A4823}
		{794B4B1A-41A6-4F4C-92EB-EB09A9578307} = {F14F43C1-8E34-4486-BB6F-AAF6112E79C5}
		{488B0392-59CA-4044-93E8-43C8A56D50BB} = {D61F83D3-A20E-4071-BEFB-931758A940E9}
		{0A2F9D72-639E-43C1-B3FB-D200BAADAB8B} = {D61F83D3-A20E-4071-BEFB-931758A940E9}
		{28A1F791-F1DF-4E54-A38F-CE61498A2E46} = {D61F83D3-A20E-4071-BEFB-931758A940E9}
	EndGlobalSection
	GlobalSection(ExtensibilityGlobals) = postSolution
		SolutionGuid = {7C749432-367B-4F24-901D-39713ADBB313}
	EndGlobalSection
EndGlobal
