
Microsoft Visual Studio Solution File, Format Version 12.00
# Visual Studio Version 18
VisualStudioVersion = 18.2.11415.280
MinimumVisualStudioVersion = 10.0.40219.1
Project("{54A90642-561A-4BB1-A94E-469ADEE60C69}") = "marketplace.client", "marketplace.client\marketplace.client.esproj", "{23F62E10-46C6-8444-C61A-EE2209D5CE00}"
EndProject
Project("{2150E333-8FDC-42A3-9474-1A3956D46DE8}") = "Application", "Application", "{CAA3B598-6EEC-44E7-BFBA-DF62489A4823}"
EndProject
Project("{2150E333-8FDC-42A3-9474-1A3956D46DE8}") = "Domain", "Domain", "{3A18C4D1-BDB8-4AA7-A854-0C1510B54ED8}"
EndProject
Project("{2150E333-8FDC-42A3-9474-1A3956D46DE8}") = "WebApi", "WebApi", "{917634D7-63E0-40A8-8436-5F3592E57983}"
EndProject
Project("{2150E333-8FDC-42A3-9474-1A3956D46DE8}") = "Infrastructure", "Infrastructure", "{F14F43C1-8E34-4486-BB6F-AAF6112E79C5}"
EndProject
Project("{2150E333-8FDC-42A3-9474-1A3956D46DE8}") = "Tests", "Tests", "{D61F83D3-A20E-4071-BEFB-931758A940E9}"
EndProject
Project("{FAE04EC0-301F-11D3-BF4B-00C04F79EFBC}") = "Marketplace.Abstractions.Unit.Tests", "Tests\Marketplace.Abstractions.Unit.Tests\Marketplace.Abstractions.Unit.Tests.csproj", "{7B3879CB-9455-6A41-66AE-05A4888C1D34}"
EndProject
Project("{FAE04EC0-301F-11D3-BF4B-00C04F79EFBC}") = "Marketplace.Integration.Tests", "Tests\Marketplace.Integration.Tests\Marketplace.Integration.Tests.csproj", "{C37036CB-07CC-741E-26CC-38EBA91280C9}"
EndProject
Project("{FAE04EC0-301F-11D3-BF4B-00C04F79EFBC}") = "Marketplace.Load.Tests.k6", "Tests\Marketplace.Load.Tests.k6\Marketplace.Load.Tests.k6.csproj", "{58A12D24-71E7-8488-20EE-14AA58821435}"
EndProject
Project("{FAE04EC0-301F-11D3-BF4B-00C04F79EFBC}") = "Marketplace.Load.Tests.NBomber", "Tests\Marketplace.Load.Tests.NBomber\Marketplace.Load.Tests.NBomber.csproj", "{63EA871A-EA02-B523-2713-9B8C5F01166D}"
EndProject
Project("{FAE04EC0-301F-11D3-BF4B-00C04F79EFBC}") = "Marketplace.Unit.Tests", "Tests\Marketplace.Unit.Tests\Marketplace.Unit.Tests.csproj", "{ECF92B08-1C39-3F53-8537-741F3A60ED95}"
EndProject
Project("{FAE04EC0-301F-11D3-BF4B-00C04F79EFBC}") = "Marketplace.Server", "WebApi\Marketplace.Server\Marketplace.Server.csproj", "{5203A52B-D954-6675-8C36-42FE145A5DB8}"
EndProject
Project("{FAE04EC0-301F-11D3-BF4B-00C04F79EFBC}") = "Marketplace.Authentication.JWT", "Infrastructure\Marketplace.Authentication.JWT\Marketplace.Authentication.JWT.csproj", "{592A7D5D-B182-3089-3355-4FD6C26B531D}"
EndProject
Project("{FAE04EC0-301F-11D3-BF4B-00C04F79EFBC}") = "Marketplace.Cache.Redis", "Infrastructure\Marketplace.Cache.Redis\Marketplace.Cache.Redis.csproj", "{FA19C2F2-91A2-5E6C-FE79-0775A439F31A}"
EndProject
Project("{FAE04EC0-301F-11D3-BF4B-00C04F79EFBC}") = "Marketplace.Notification", "Infrastructure\Marketplace.Notification\Marketplace.Notification.csproj", "{D0B8011B-F885-1734-0BF2-76EEC011338F}"
EndProject
Project("{FAE04EC0-301F-11D3-BF4B-00C04F79EFBC}") = "Marketplace.Repository.MSSql", "Infrastructure\Marketplace.Repository.MSSql\Marketplace.Repository.MSSql.csproj", "{E5D844AC-BC1C-D74E-5EB1-4E8F61B44A7B}"
EndProject
Project("{FAE04EC0-301F-11D3-BF4B-00C04F79EFBC}") = "Marketplace.Abstractions", "Domain\Marketplace.Abstractions\Marketplace.Abstractions.csproj", "{5951B722-B2C8-8B4D-3491-DDCBEB9EDBC0}"
EndProject
Project("{FAE04EC0-301F-11D3-BF4B-00C04F79EFBC}") = "Marketplace", "Application\Marketplace\Marketplace.csproj", "{9E9AC383-F47C-04E8-3201-36DA3D65F5F1}"
EndProject
Project("{FAE04EC0-301F-11D3-BF4B-00C04F79EFBC}") = "Marketplace.Authentication.Interfaces", "Application\Marketplace.Authentication.Interfaces\Marketplace.Authentication.Interfaces.csproj", "{933A3DCB-31E4-1CDA-AAD3-9D96EDA4797A}"
EndProject
Project("{FAE04EC0-301F-11D3-BF4B-00C04F79EFBC}") = "Marketplace.Cache.Interfaces", "Application\Marketplace.Cache.Interfaces\Marketplace.Cache.Interfaces.csproj", "{8EBC5DE7-6ABD-3E01-87D5-50852756870E}"
EndProject
Project("{FAE04EC0-301F-11D3-BF4B-00C04F79EFBC}") = "Marketplace.Notification.Interfaces", "Application\Marketplace.Notification.Interfaces\Marketplace.Notification.Interfaces.csproj", "{E8C441F0-F30E-6CF0-5765-CF3477DFB7CB}"
EndProject
Project("{FAE04EC0-301F-11D3-BF4B-00C04F79EFBC}") = "Marketplace.Repository.Interfaces", "Application\Marketplace.Repository.Interfaces\Marketplace.Repository.Interfaces.csproj", "{B39F417C-AC0E-DA85-E785-E66C169F1D6E}"
EndProject
Global
	GlobalSection(SolutionConfigurationPlatforms) = preSolution
		Debug|Any CPU = Debug|Any CPU
		Release|Any CPU = Release|Any CPU
	EndGlobalSection
	GlobalSection(ProjectConfigurationPlatforms) = postSolution
		{23F62E10-46C6-8444-C61A-EE2209D5CE00}.Debug|Any CPU.ActiveCfg = Debug|Any CPU
		{23F62E10-46C6-8444-C61A-EE2209D5CE00}.Debug|Any CPU.Build.0 = Debug|Any CPU
		{23F62E10-46C6-8444-C61A-EE2209D5CE00}.Debug|Any CPU.Deploy.0 = Debug|Any CPU
		{23F62E10-46C6-8444-C61A-EE2209D5CE00}.Release|Any CPU.ActiveCfg = Release|Any CPU
		{23F62E10-46C6-8444-C61A-EE2209D5CE00}.Release|Any CPU.Build.0 = Release|Any CPU
		{23F62E10-46C6-8444-C61A-EE2209D5CE00}.Release|Any CPU.Deploy.0 = Release|Any CPU
		{7B3879CB-9455-6A41-66AE-05A4888C1D34}.Debug|Any CPU.ActiveCfg = Debug|Any CPU
		{7B3879CB-9455-6A41-66AE-05A4888C1D34}.Debug|Any CPU.Build.0 = Debug|Any CPU
		{7B3879CB-9455-6A41-66AE-05A4888C1D34}.Release|Any CPU.ActiveCfg = Release|Any CPU
		{7B3879CB-9455-6A41-66AE-05A4888C1D34}.Release|Any CPU.Build.0 = Release|Any CPU
		{C37036CB-07CC-741E-26CC-38EBA91280C9}.Debug|Any CPU.ActiveCfg = Debug|Any CPU
		{C37036CB-07CC-741E-26CC-38EBA91280C9}.Debug|Any CPU.Build.0 = Debug|Any CPU
		{C37036CB-07CC-741E-26CC-38EBA91280C9}.Release|Any CPU.ActiveCfg = Release|Any CPU
		{C37036CB-07CC-741E-26CC-38EBA91280C9}.Release|Any CPU.Build.0 = Release|Any CPU
		{58A12D24-71E7-8488-20EE-14AA58821435}.Debug|Any CPU.ActiveCfg = Debug|Any CPU
		{58A12D24-71E7-8488-20EE-14AA58821435}.Debug|Any CPU.Build.0 = Debug|Any CPU
		{58A12D24-71E7-8488-20EE-14AA58821435}.Release|Any CPU.ActiveCfg = Release|Any CPU
		{58A12D24-71E7-8488-20EE-14AA58821435}.Release|Any CPU.Build.0 = Release|Any CPU
		{63EA871A-EA02-B523-2713-9B8C5F01166D}.Debug|Any CPU.ActiveCfg = Debug|Any CPU
		{63EA871A-EA02-B523-2713-9B8C5F01166D}.Debug|Any CPU.Build.0 = Debug|Any CPU
		{63EA871A-EA02-B523-2713-9B8C5F01166D}.Release|Any CPU.ActiveCfg = Release|Any CPU
		{63EA871A-EA02-B523-2713-9B8C5F01166D}.Release|Any CPU.Build.0 = Release|Any CPU
		{ECF92B08-1C39-3F53-8537-741F3A60ED95}.Debug|Any CPU.ActiveCfg = Debug|Any CPU
		{ECF92B08-1C39-3F53-8537-741F3A60ED95}.Debug|Any CPU.Build.0 = Debug|Any CPU
		{ECF92B08-1C39-3F53-8537-741F3A60ED95}.Release|Any CPU.ActiveCfg = Release|Any CPU
		{ECF92B08-1C39-3F53-8537-741F3A60ED95}.Release|Any CPU.Build.0 = Release|Any CPU
		{5203A52B-D954-6675-8C36-42FE145A5DB8}.Debug|Any CPU.ActiveCfg = Debug|Any CPU
		{5203A52B-D954-6675-8C36-42FE145A5DB8}.Debug|Any CPU.Build.0 = Debug|Any CPU
		{5203A52B-D954-6675-8C36-42FE145A5DB8}.Release|Any CPU.ActiveCfg = Release|Any CPU
		{5203A52B-D954-6675-8C36-42FE145A5DB8}.Release|Any CPU.Build.0 = Release|Any CPU
		{592A7D5D-B182-3089-3355-4FD6C26B531D}.Debug|Any CPU.ActiveCfg = Debug|Any CPU
		{592A7D5D-B182-3089-3355-4FD6C26B531D}.Debug|Any CPU.Build.0 = Debug|Any CPU
		{592A7D5D-B182-3089-3355-4FD6C26B531D}.Release|Any CPU.ActiveCfg = Release|Any CPU
		{592A7D5D-B182-3089-3355-4FD6C26B531D}.Release|Any CPU.Build.0 = Release|Any CPU
		{FA19C2F2-91A2-5E6C-FE79-0775A439F31A}.Debug|Any CPU.ActiveCfg = Debug|Any CPU
		{FA19C2F2-91A2-5E6C-FE79-0775A439F31A}.Debug|Any CPU.Build.0 = Debug|Any CPU
		{FA19C2F2-91A2-5E6C-FE79-0775A439F31A}.Release|Any CPU.ActiveCfg = Release|Any CPU
		{FA19C2F2-91A2-5E6C-FE79-0775A439F31A}.Release|Any CPU.Build.0 = Release|Any CPU
		{D0B8011B-F885-1734-0BF2-76EEC011338F}.Debug|Any CPU.ActiveCfg = Debug|Any CPU
		{D0B8011B-F885-1734-0BF2-76EEC011338F}.Debug|Any CPU.Build.0 = Debug|Any CPU
		{D0B8011B-F885-1734-0BF2-76EEC011338F}.Release|Any CPU.ActiveCfg = Release|Any CPU
		{D0B8011B-F885-1734-0BF2-76EEC011338F}.Release|Any CPU.Build.0 = Release|Any CPU
		{E5D844AC-BC1C-D74E-5EB1-4E8F61B44A7B}.Debug|Any CPU.ActiveCfg = Debug|Any CPU
		{E5D844AC-BC1C-D74E-5EB1-4E8F61B44A7B}.Debug|Any CPU.Build.0 = Debug|Any CPU
		{E5D844AC-BC1C-D74E-5EB1-4E8F61B44A7B}.Release|Any CPU.ActiveCfg = Release|Any CPU
		{E5D844AC-BC1C-D74E-5EB1-4E8F61B44A7B}.Release|Any CPU.Build.0 = Release|Any CPU
		{5951B722-B2C8-8B4D-3491-DDCBEB9EDBC0}.Debug|Any CPU.ActiveCfg = Debug|Any CPU
		{5951B722-B2C8-8B4D-3491-DDCBEB9EDBC0}.Debug|Any CPU.Build.0 = Debug|Any CPU
		{5951B722-B2C8-8B4D-3491-DDCBEB9EDBC0}.Release|Any CPU.ActiveCfg = Release|Any CPU
		{5951B722-B2C8-8B4D-3491-DDCBEB9EDBC0}.Release|Any CPU.Build.0 = Release|Any CPU
		{9E9AC383-F47C-04E8-3201-36DA3D65F5F1}.Debug|Any CPU.ActiveCfg = Debug|Any CPU
		{9E9AC383-F47C-04E8-3201-36DA3D65F5F1}.Debug|Any CPU.Build.0 = Debug|Any CPU
		{9E9AC383-F47C-04E8-3201-36DA3D65F5F1}.Release|Any CPU.ActiveCfg = Release|Any CPU
		{9E9AC383-F47C-04E8-3201-36DA3D65F5F1}.Release|Any CPU.Build.0 = Release|Any CPU
		{933A3DCB-31E4-1CDA-AAD3-9D96EDA4797A}.Debug|Any CPU.ActiveCfg = Debug|Any CPU
		{933A3DCB-31E4-1CDA-AAD3-9D96EDA4797A}.Debug|Any CPU.Build.0 = Debug|Any CPU
		{933A3DCB-31E4-1CDA-AAD3-9D96EDA4797A}.Release|Any CPU.ActiveCfg = Release|Any CPU
		{933A3DCB-31E4-1CDA-AAD3-9D96EDA4797A}.Release|Any CPU.Build.0 = Release|Any CPU
		{8EBC5DE7-6ABD-3E01-87D5-50852756870E}.Debug|Any CPU.ActiveCfg = Debug|Any CPU
		{8EBC5DE7-6ABD-3E01-87D5-50852756870E}.Debug|Any CPU.Build.0 = Debug|Any CPU
		{8EBC5DE7-6ABD-3E01-87D5-50852756870E}.Release|Any CPU.ActiveCfg = Release|Any CPU
		{8EBC5DE7-6ABD-3E01-87D5-50852756870E}.Release|Any CPU.Build.0 = Release|Any CPU
		{E8C441F0-F30E-6CF0-5765-CF3477DFB7CB}.Debug|Any CPU.ActiveCfg = Debug|Any CPU
		{E8C441F0-F30E-6CF0-5765-CF3477DFB7CB}.Debug|Any CPU.Build.0 = Debug|Any CPU
		{E8C441F0-F30E-6CF0-5765-CF3477DFB7CB}.Release|Any CPU.ActiveCfg = Release|Any CPU
		{E8C441F0-F30E-6CF0-5765-CF3477DFB7CB}.Release|Any CPU.Build.0 = Release|Any CPU
		{B39F417C-AC0E-DA85-E785-E66C169F1D6E}.Debug|Any CPU.ActiveCfg = Debug|Any CPU
		{B39F417C-AC0E-DA85-E785-E66C169F1D6E}.Debug|Any CPU.Build.0 = Debug|Any CPU
		{B39F417C-AC0E-DA85-E785-E66C169F1D6E}.Release|Any CPU.ActiveCfg = Release|Any CPU
		{B39F417C-AC0E-DA85-E785-E66C169F1D6E}.Release|Any CPU.Build.0 = Release|Any CPU
	EndGlobalSection
	GlobalSection(SolutionProperties) = preSolution
		HideSolutionNode = FALSE
	EndGlobalSection
	GlobalSection(NestedProjects) = preSolution
		{7B3879CB-9455-6A41-66AE-05A4888C1D34} = {D61F83D3-A20E-4071-BEFB-931758A940E9}
		{C37036CB-07CC-741E-26CC-38EBA91280C9} = {D61F83D3-A20E-4071-BEFB-931758A940E9}
		{58A12D24-71E7-8488-20EE-14AA58821435} = {D61F83D3-A20E-4071-BEFB-931758A940E9}
		{63EA871A-EA02-B523-2713-9B8C5F01166D} = {D61F83D3-A20E-4071-BEFB-931758A940E9}
		{ECF92B08-1C39-3F53-8537-741F3A60ED95} = {D61F83D3-A20E-4071-BEFB-931758A940E9}
		{5203A52B-D954-6675-8C36-42FE145A5DB8} = {917634D7-63E0-40A8-8436-5F3592E57983}
		{592A7D5D-B182-3089-3355-4FD6C26B531D} = {F14F43C1-8E34-4486-BB6F-AAF6112E79C5}
		{FA19C2F2-91A2-5E6C-FE79-0775A439F31A} = {F14F43C1-8E34-4486-BB6F-AAF6112E79C5}
		{D0B8011B-F885-1734-0BF2-76EEC011338F} = {F14F43C1-8E34-4486-BB6F-AAF6112E79C5}
		{E5D844AC-BC1C-D74E-5EB1-4E8F61B44A7B} = {F14F43C1-8E34-4486-BB6F-AAF6112E79C5}
		{5951B722-B2C8-8B4D-3491-DDCBEB9EDBC0} = {3A18C4D1-BDB8-4AA7-A854-0C1510B54ED8}
		{9E9AC383-F47C-04E8-3201-36DA3D65F5F1} = {CAA3B598-6EEC-44E7-BFBA-DF62489A4823}
		{933A3DCB-31E4-1CDA-AAD3-9D96EDA4797A} = {CAA3B598-6EEC-44E7-BFBA-DF62489A4823}
		{8EBC5DE7-6ABD-3E01-87D5-50852756870E} = {CAA3B598-6EEC-44E7-BFBA-DF62489A4823}
		{E8C441F0-F30E-6CF0-5765-CF3477DFB7CB} = {CAA3B598-6EEC-44E7-BFBA-DF62489A4823}
		{B39F417C-AC0E-DA85-E785-E66C169F1D6E} = {CAA3B598-6EEC-44E7-BFBA-DF62489A4823}
	EndGlobalSection
	GlobalSection(ExtensibilityGlobals) = postSolution
		SolutionGuid = {7C749432-367B-4F24-901D-39713ADBB313}
	EndGlobalSection
EndGlobal
